
Microsoft Visual Studio Solution File, Format Version 12.00
# Visual Studio Version 17
VisualStudioVersion = 17.5.2.0
MinimumVisualStudioVersion = 10.0.40219.1
Project("{FAE04EC0-301F-11D3-BF4B-00C04F79EFBC}") = "importa", ".\importa\importa.csproj", "{F86A0A98-14F0-3AFC-0EAC-4DE9920BA9B9}"
EndProject
Project("{FAE04EC0-301F-11D3-BF4B-00C04F79EFBC}") = "importa_test", "importa_test\importa_test.csproj", "{9CD663F5-7561-48F9-A3E0-13B5A1F46E3C}"
EndProject
Global
	GlobalSection(SolutionConfigurationPlatforms) = preSolution
		Debug|Any CPU = Debug|Any CPU
		Debug|x64 = Debug|x64
		Debug|x86 = Debug|x86
		Release|Any CPU = Release|Any CPU
		Release|x64 = Release|x64
		Release|x86 = Release|x86
	EndGlobalSection
	GlobalSection(ProjectConfigurationPlatforms) = postSolution
		{F86A0A98-14F0-3AFC-0EAC-4DE9920BA9B9}.Debug|Any CPU.ActiveCfg = Debug|Any CPU
		{F86A0A98-14F0-3AFC-0EAC-4DE9920BA9B9}.Debug|Any CPU.Build.0 = Debug|Any CPU
		{F86A0A98-14F0-3AFC-0EAC-4DE9920BA9B9}.Debug|x64.ActiveCfg = Debug|Any CPU
		{F86A0A98-14F0-3AFC-0EAC-4DE9920BA9B9}.Debug|x64.Build.0 = Debug|Any CPU
		{F86A0A98-14F0-3AFC-0EAC-4DE9920BA9B9}.Debug|x86.ActiveCfg = Debug|Any CPU
		{F86A0A98-14F0-3AFC-0EAC-4DE9920BA9B9}.Debug|x86.Build.0 = Debug|Any CPU
		{F86A0A98-14F0-3AFC-0EAC-4DE9920BA9B9}.Release|Any CPU.ActiveCfg = Release|Any CPU
		{F86A0A98-14F0-3AFC-0EAC-4DE9920BA9B9}.Release|Any CPU.Build.0 = Release|Any CPU
		{F86A0A98-14F0-3AFC-0EAC-4DE9920BA9B9}.Release|x64.ActiveCfg = Release|Any CPU
		{F86A0A98-14F0-3AFC-0EAC-4DE9920BA9B9}.Release|x64.Build.0 = Release|Any CPU
		{F86A0A98-14F0-3AFC-0EAC-4DE9920BA9B9}.Release|x86.ActiveCfg = Release|Any CPU
		{F86A0A98-14F0-3AFC-0EAC-4DE9920BA9B9}.Release|x86.Build.0 = Release|Any CPU
		{9CD663F5-7561-48F9-A3E0-13B5A1F46E3C}.Debug|Any CPU.ActiveCfg = Debug|Any CPU
		{9CD663F5-7561-48F9-A3E0-13B5A1F46E3C}.Debug|Any CPU.Build.0 = Debug|Any CPU
		{9CD663F5-7561-48F9-A3E0-13B5A1F46E3C}.Debug|x64.ActiveCfg = Debug|Any CPU
		{9CD663F5-7561-48F9-A3E0-13B5A1F46E3C}.Debug|x64.Build.0 = Debug|Any CPU
		{9CD663F5-7561-48F9-A3E0-13B5A1F46E3C}.Debug|x86.ActiveCfg = Debug|Any CPU
		{9CD663F5-7561-48F9-A3E0-13B5A1F46E3C}.Debug|x86.Build.0 = Debug|Any CPU
		{9CD663F5-7561-48F9-A3E0-13B5A1F46E3C}.Release|Any CPU.ActiveCfg = Release|Any CPU
		{9CD663F5-7561-48F9-A3E0-13B5A1F46E3C}.Release|Any CPU.Build.0 = Release|Any CPU
		{9CD663F5-7561-48F9-A3E0-13B5A1F46E3C}.Release|x64.ActiveCfg = Release|Any CPU
		{9CD663F5-7561-48F9-A3E0-13B5A1F46E3C}.Release|x64.Build.0 = Release|Any CPU
		{9CD663F5-7561-48F9-A3E0-13B5A1F46E3C}.Release|x86.ActiveCfg = Release|Any CPU
		{9CD663F5-7561-48F9-A3E0-13B5A1F46E3C}.Release|x86.Build.0 = Release|Any CPU
	EndGlobalSection
	GlobalSection(SolutionProperties) = preSolution
		HideSolutionNode = FALSE
	EndGlobalSection
	GlobalSection(ExtensibilityGlobals) = postSolution
		SolutionGuid = {3D64E514-E95D-41AD-BA1A-A58E83ADDFCC}
	EndGlobalSection
EndGlobal
